
Microsoft Visual Studio Solution File, Format Version 12.00
# Visual Studio Version 17
VisualStudioVersion = 17.3.32929.385
MinimumVisualStudioVersion = 10.0.40219.1
Project("{2150E333-8FDC-42A3-9474-1A3956D46DE8}") = "src", "src", "{A60315C1-DDDB-4D44-A2D5-F601FC1D90CA}"
EndProject
Project("{9A19103F-16F7-4668-BE54-9A1E7A4F7556}") = "FastShare.Core", "FastShare.Core\FastShare.Core.csproj", "{FAF0BC6D-B636-4E80-A9DE-FDA181DDD545}"
EndProject
Project("{2150E333-8FDC-42A3-9474-1A3956D46DE8}") = "UI", "UI", "{44BDA761-A9A2-4ED1-954C-53CB142D8D6A}"
EndProject
Project("{D954291E-2A0B-460D-934E-DC6B0785DB48}") = "FastShare.UI.Shared", "FastShare.UI.Shared\FastShare.UI.Shared.shproj", "{1E74DC82-5798-4730-910D-22373F6DD6B2}"
EndProject
Project("{9A19103F-16F7-4668-BE54-9A1E7A4F7556}") = "FastShare.UI.WinUI", "FastShare.UI.WinUI\FastShare.UI.WinUI.csproj", "{F4262297-B5E0-4EC6-AB62-E1FA09497FB9}"
EndProject
Project("{FAE04EC0-301F-11D3-BF4B-00C04F79EFBC}") = "FastShare.UI.WPF", "FastShare.UI.WPF\FastShare.UI.WPF.csproj", "{F43BD9DD-3D74-419C-AFEF-172478DB7710}"
EndProject
Project("{2150E333-8FDC-42A3-9474-1A3956D46DE8}") = "Mobile", "Mobile", "{BE8E76C0-A0D3-48E4-9C42-515F57A9BDDA}"
EndProject
Project("{FAE04EC0-301F-11D3-BF4B-00C04F79EFBC}") = "FastShare.UI.Mobile.Forms.Android", "FastShare.UI.Mobile.Forms\FastShare.UI.Mobile.Forms.Android\FastShare.UI.Mobile.Forms.Android.csproj", "{C203EB8A-3814-49B9-B39F-6D9F58B2E8F6}"
EndProject
Project("{FAE04EC0-301F-11D3-BF4B-00C04F79EFBC}") = "FastShare.UI.Mobile.Forms.iOS", "FastShare.UI.Mobile.Forms\FastShare.UI.Mobile.Forms.iOS\FastShare.UI.Mobile.Forms.iOS.csproj", "{FE74FC72-AAAF-4B7E-BA66-226C4206228B}"
EndProject
Project("{9A19103F-16F7-4668-BE54-9A1E7A4F7556}") = "FastShare.UI.Mobile.Forms", "FastShare.UI.Mobile.Forms\FastShare.UI.Mobile.Forms\FastShare.UI.Mobile.Forms.csproj", "{26731A0F-DDE6-4EA3-8DFF-78683D06EA46}"
EndProject
Project("{2150E333-8FDC-42A3-9474-1A3956D46DE8}") = "tests", "tests", "{32722C35-6D7E-45AD-B0C4-F42E2776E5A2}"
EndProject
Project("{9A19103F-16F7-4668-BE54-9A1E7A4F7556}") = "FastShare.Core.Tests", "FastShare.Core.Tests\FastShare.Core.Tests.csproj", "{66E8A81F-FDCB-442A-8BAA-E26A0A67B020}"
EndProject
Project("{2150E333-8FDC-42A3-9474-1A3956D46DE8}") = "UI", "UI", "{A4EC66AF-AEBC-4796-8AF0-B99987F1918B}"
EndProject
Project("{2150E333-8FDC-42A3-9474-1A3956D46DE8}") = "CLI", "CLI", "{6837DBBE-476B-47C8-A556-B3F5B946B7E5}"
EndProject
Project("{9A19103F-16F7-4668-BE54-9A1E7A4F7556}") = "FastShare.CLI", "FastShare.CLI\FastShare.CLI.csproj", "{F3946C2B-C822-41EF-B3B6-49A3E93C144E}"
EndProject
Project("{2150E333-8FDC-42A3-9474-1A3956D46DE8}") = "Web", "Web", "{F7E20CBA-FE04-476D-97AB-2B7A916E9D18}"
EndProject
Project("{9A19103F-16F7-4668-BE54-9A1E7A4F7556}") = "FastShare.Web", "FastShare.Web\FastShare.Web.csproj", "{4B9B603E-C036-4DB9-938B-A04D09192F2F}"
EndProject
Project("{2150E333-8FDC-42A3-9474-1A3956D46DE8}") = "Net", "Net", "{0D9D7FA8-8870-442B-8EA8-FBE0F60AF8E2}"
EndProject
Project("{FAE04EC0-301F-11D3-BF4B-00C04F79EFBC}") = "FastShare.Net.Protocol", "FastShare.Net.Protocol\FastShare.Net.Protocol.csproj", "{CFF12822-D87A-4245-964D-9092D2D7C4A8}"
EndProject
Global
	GlobalSection(SolutionConfigurationPlatforms) = preSolution
		Debug|Any CPU = Debug|Any CPU
		Debug|arm64 = Debug|arm64
		Debug|iPhone = Debug|iPhone
		Debug|iPhoneSimulator = Debug|iPhoneSimulator
		Debug|x64 = Debug|x64
		Debug|x86 = Debug|x86
		Release|Any CPU = Release|Any CPU
		Release|arm64 = Release|arm64
		Release|iPhone = Release|iPhone
		Release|iPhoneSimulator = Release|iPhoneSimulator
		Release|x64 = Release|x64
		Release|x86 = Release|x86
	EndGlobalSection
	GlobalSection(ProjectConfigurationPlatforms) = postSolution
		{FAF0BC6D-B636-4E80-A9DE-FDA181DDD545}.Debug|Any CPU.ActiveCfg = Debug|Any CPU
		{FAF0BC6D-B636-4E80-A9DE-FDA181DDD545}.Debug|Any CPU.Build.0 = Debug|Any CPU
		{FAF0BC6D-B636-4E80-A9DE-FDA181DDD545}.Debug|arm64.ActiveCfg = Debug|Any CPU
		{FAF0BC6D-B636-4E80-A9DE-FDA181DDD545}.Debug|arm64.Build.0 = Debug|Any CPU
		{FAF0BC6D-B636-4E80-A9DE-FDA181DDD545}.Debug|iPhone.ActiveCfg = Debug|Any CPU
		{FAF0BC6D-B636-4E80-A9DE-FDA181DDD545}.Debug|iPhone.Build.0 = Debug|Any CPU
		{FAF0BC6D-B636-4E80-A9DE-FDA181DDD545}.Debug|iPhoneSimulator.ActiveCfg = Debug|Any CPU
		{FAF0BC6D-B636-4E80-A9DE-FDA181DDD545}.Debug|iPhoneSimulator.Build.0 = Debug|Any CPU
		{FAF0BC6D-B636-4E80-A9DE-FDA181DDD545}.Debug|x64.ActiveCfg = Debug|Any CPU
		{FAF0BC6D-B636-4E80-A9DE-FDA181DDD545}.Debug|x64.Build.0 = Debug|Any CPU
		{FAF0BC6D-B636-4E80-A9DE-FDA181DDD545}.Debug|x86.ActiveCfg = Debug|Any CPU
		{FAF0BC6D-B636-4E80-A9DE-FDA181DDD545}.Debug|x86.Build.0 = Debug|Any CPU
		{FAF0BC6D-B636-4E80-A9DE-FDA181DDD545}.Release|Any CPU.ActiveCfg = Release|Any CPU
		{FAF0BC6D-B636-4E80-A9DE-FDA181DDD545}.Release|Any CPU.Build.0 = Release|Any CPU
		{FAF0BC6D-B636-4E80-A9DE-FDA181DDD545}.Release|arm64.ActiveCfg = Release|Any CPU
		{FAF0BC6D-B636-4E80-A9DE-FDA181DDD545}.Release|arm64.Build.0 = Release|Any CPU
		{FAF0BC6D-B636-4E80-A9DE-FDA181DDD545}.Release|iPhone.ActiveCfg = Release|Any CPU
		{FAF0BC6D-B636-4E80-A9DE-FDA181DDD545}.Release|iPhone.Build.0 = Release|Any CPU
		{FAF0BC6D-B636-4E80-A9DE-FDA181DDD545}.Release|iPhoneSimulator.ActiveCfg = Release|Any CPU
		{FAF0BC6D-B636-4E80-A9DE-FDA181DDD545}.Release|iPhoneSimulator.Build.0 = Release|Any CPU
		{FAF0BC6D-B636-4E80-A9DE-FDA181DDD545}.Release|x64.ActiveCfg = Release|Any CPU
		{FAF0BC6D-B636-4E80-A9DE-FDA181DDD545}.Release|x64.Build.0 = Release|Any CPU
		{FAF0BC6D-B636-4E80-A9DE-FDA181DDD545}.Release|x86.ActiveCfg = Release|Any CPU
		{FAF0BC6D-B636-4E80-A9DE-FDA181DDD545}.Release|x86.Build.0 = Release|Any CPU
		{F4262297-B5E0-4EC6-AB62-E1FA09497FB9}.Debug|Any CPU.ActiveCfg = Debug|x64
		{F4262297-B5E0-4EC6-AB62-E1FA09497FB9}.Debug|Any CPU.Build.0 = Debug|x64
		{F4262297-B5E0-4EC6-AB62-E1FA09497FB9}.Debug|Any CPU.Deploy.0 = Debug|x64
		{F4262297-B5E0-4EC6-AB62-E1FA09497FB9}.Debug|arm64.ActiveCfg = Debug|arm64
		{F4262297-B5E0-4EC6-AB62-E1FA09497FB9}.Debug|arm64.Build.0 = Debug|arm64
		{F4262297-B5E0-4EC6-AB62-E1FA09497FB9}.Debug|arm64.Deploy.0 = Debug|arm64
		{F4262297-B5E0-4EC6-AB62-E1FA09497FB9}.Debug|iPhone.ActiveCfg = Debug|x64
		{F4262297-B5E0-4EC6-AB62-E1FA09497FB9}.Debug|iPhone.Build.0 = Debug|x64
		{F4262297-B5E0-4EC6-AB62-E1FA09497FB9}.Debug|iPhone.Deploy.0 = Debug|x64
		{F4262297-B5E0-4EC6-AB62-E1FA09497FB9}.Debug|iPhoneSimulator.ActiveCfg = Debug|x64
		{F4262297-B5E0-4EC6-AB62-E1FA09497FB9}.Debug|iPhoneSimulator.Build.0 = Debug|x64
		{F4262297-B5E0-4EC6-AB62-E1FA09497FB9}.Debug|iPhoneSimulator.Deploy.0 = Debug|x64
		{F4262297-B5E0-4EC6-AB62-E1FA09497FB9}.Debug|x64.ActiveCfg = Debug|x64
		{F4262297-B5E0-4EC6-AB62-E1FA09497FB9}.Debug|x64.Build.0 = Debug|x64
		{F4262297-B5E0-4EC6-AB62-E1FA09497FB9}.Debug|x64.Deploy.0 = Debug|x64
		{F4262297-B5E0-4EC6-AB62-E1FA09497FB9}.Debug|x86.ActiveCfg = Debug|x86
		{F4262297-B5E0-4EC6-AB62-E1FA09497FB9}.Debug|x86.Build.0 = Debug|x86
		{F4262297-B5E0-4EC6-AB62-E1FA09497FB9}.Debug|x86.Deploy.0 = Debug|x86
		{F4262297-B5E0-4EC6-AB62-E1FA09497FB9}.Release|Any CPU.ActiveCfg = Release|x64
		{F4262297-B5E0-4EC6-AB62-E1FA09497FB9}.Release|Any CPU.Build.0 = Release|x64
		{F4262297-B5E0-4EC6-AB62-E1FA09497FB9}.Release|Any CPU.Deploy.0 = Release|x64
		{F4262297-B5E0-4EC6-AB62-E1FA09497FB9}.Release|arm64.ActiveCfg = Release|arm64
		{F4262297-B5E0-4EC6-AB62-E1FA09497FB9}.Release|arm64.Build.0 = Release|arm64
		{F4262297-B5E0-4EC6-AB62-E1FA09497FB9}.Release|arm64.Deploy.0 = Release|arm64
		{F4262297-B5E0-4EC6-AB62-E1FA09497FB9}.Release|iPhone.ActiveCfg = Release|x64
		{F4262297-B5E0-4EC6-AB62-E1FA09497FB9}.Release|iPhone.Build.0 = Release|x64
		{F4262297-B5E0-4EC6-AB62-E1FA09497FB9}.Release|iPhone.Deploy.0 = Release|x64
		{F4262297-B5E0-4EC6-AB62-E1FA09497FB9}.Release|iPhoneSimulator.ActiveCfg = Release|x64
		{F4262297-B5E0-4EC6-AB62-E1FA09497FB9}.Release|iPhoneSimulator.Build.0 = Release|x64
		{F4262297-B5E0-4EC6-AB62-E1FA09497FB9}.Release|iPhoneSimulator.Deploy.0 = Release|x64
		{F4262297-B5E0-4EC6-AB62-E1FA09497FB9}.Release|x64.ActiveCfg = Release|x64
		{F4262297-B5E0-4EC6-AB62-E1FA09497FB9}.Release|x64.Build.0 = Release|x64
		{F4262297-B5E0-4EC6-AB62-E1FA09497FB9}.Release|x64.Deploy.0 = Release|x64
		{F4262297-B5E0-4EC6-AB62-E1FA09497FB9}.Release|x86.ActiveCfg = Release|x86
		{F4262297-B5E0-4EC6-AB62-E1FA09497FB9}.Release|x86.Build.0 = Release|x86
		{F4262297-B5E0-4EC6-AB62-E1FA09497FB9}.Release|x86.Deploy.0 = Release|x86
		{F43BD9DD-3D74-419C-AFEF-172478DB7710}.Debug|Any CPU.ActiveCfg = Debug|Any CPU
		{F43BD9DD-3D74-419C-AFEF-172478DB7710}.Debug|Any CPU.Build.0 = Debug|Any CPU
		{F43BD9DD-3D74-419C-AFEF-172478DB7710}.Debug|arm64.ActiveCfg = Debug|Any CPU
		{F43BD9DD-3D74-419C-AFEF-172478DB7710}.Debug|arm64.Build.0 = Debug|Any CPU
		{F43BD9DD-3D74-419C-AFEF-172478DB7710}.Debug|iPhone.ActiveCfg = Debug|Any CPU
		{F43BD9DD-3D74-419C-AFEF-172478DB7710}.Debug|iPhoneSimulator.ActiveCfg = Debug|Any CPU
		{F43BD9DD-3D74-419C-AFEF-172478DB7710}.Debug|x64.ActiveCfg = Debug|Any CPU
		{F43BD9DD-3D74-419C-AFEF-172478DB7710}.Debug|x64.Build.0 = Debug|Any CPU
		{F43BD9DD-3D74-419C-AFEF-172478DB7710}.Debug|x86.ActiveCfg = Debug|Any CPU
		{F43BD9DD-3D74-419C-AFEF-172478DB7710}.Debug|x86.Build.0 = Debug|Any CPU
		{F43BD9DD-3D74-419C-AFEF-172478DB7710}.Release|Any CPU.ActiveCfg = Release|Any CPU
		{F43BD9DD-3D74-419C-AFEF-172478DB7710}.Release|Any CPU.Build.0 = Release|Any CPU
		{F43BD9DD-3D74-419C-AFEF-172478DB7710}.Release|arm64.ActiveCfg = Release|Any CPU
		{F43BD9DD-3D74-419C-AFEF-172478DB7710}.Release|arm64.Build.0 = Release|Any CPU
		{F43BD9DD-3D74-419C-AFEF-172478DB7710}.Release|iPhone.ActiveCfg = Release|Any CPU
		{F43BD9DD-3D74-419C-AFEF-172478DB7710}.Release|iPhoneSimulator.ActiveCfg = Release|Any CPU
		{F43BD9DD-3D74-419C-AFEF-172478DB7710}.Release|x64.ActiveCfg = Release|Any CPU
		{F43BD9DD-3D74-419C-AFEF-172478DB7710}.Release|x64.Build.0 = Release|Any CPU
		{F43BD9DD-3D74-419C-AFEF-172478DB7710}.Release|x86.ActiveCfg = Release|Any CPU
		{F43BD9DD-3D74-419C-AFEF-172478DB7710}.Release|x86.Build.0 = Release|Any CPU
		{C203EB8A-3814-49B9-B39F-6D9F58B2E8F6}.Debug|Any CPU.ActiveCfg = Debug|Any CPU
		{C203EB8A-3814-49B9-B39F-6D9F58B2E8F6}.Debug|Any CPU.Build.0 = Debug|Any CPU
		{C203EB8A-3814-49B9-B39F-6D9F58B2E8F6}.Debug|Any CPU.Deploy.0 = Debug|Any CPU
		{C203EB8A-3814-49B9-B39F-6D9F58B2E8F6}.Debug|arm64.ActiveCfg = Debug|Any CPU
		{C203EB8A-3814-49B9-B39F-6D9F58B2E8F6}.Debug|arm64.Build.0 = Debug|Any CPU
		{C203EB8A-3814-49B9-B39F-6D9F58B2E8F6}.Debug|arm64.Deploy.0 = Debug|Any CPU
		{C203EB8A-3814-49B9-B39F-6D9F58B2E8F6}.Debug|iPhone.ActiveCfg = Debug|Any CPU
		{C203EB8A-3814-49B9-B39F-6D9F58B2E8F6}.Debug|iPhone.Build.0 = Debug|Any CPU
		{C203EB8A-3814-49B9-B39F-6D9F58B2E8F6}.Debug|iPhone.Deploy.0 = Debug|Any CPU
		{C203EB8A-3814-49B9-B39F-6D9F58B2E8F6}.Debug|iPhoneSimulator.ActiveCfg = Debug|Any CPU
		{C203EB8A-3814-49B9-B39F-6D9F58B2E8F6}.Debug|iPhoneSimulator.Build.0 = Debug|Any CPU
		{C203EB8A-3814-49B9-B39F-6D9F58B2E8F6}.Debug|iPhoneSimulator.Deploy.0 = Debug|Any CPU
		{C203EB8A-3814-49B9-B39F-6D9F58B2E8F6}.Debug|x64.ActiveCfg = Debug|Any CPU
		{C203EB8A-3814-49B9-B39F-6D9F58B2E8F6}.Debug|x64.Build.0 = Debug|Any CPU
		{C203EB8A-3814-49B9-B39F-6D9F58B2E8F6}.Debug|x64.Deploy.0 = Debug|Any CPU
		{C203EB8A-3814-49B9-B39F-6D9F58B2E8F6}.Debug|x86.ActiveCfg = Debug|Any CPU
		{C203EB8A-3814-49B9-B39F-6D9F58B2E8F6}.Debug|x86.Build.0 = Debug|Any CPU
		{C203EB8A-3814-49B9-B39F-6D9F58B2E8F6}.Debug|x86.Deploy.0 = Debug|Any CPU
		{C203EB8A-3814-49B9-B39F-6D9F58B2E8F6}.Release|Any CPU.ActiveCfg = Release|Any CPU
		{C203EB8A-3814-49B9-B39F-6D9F58B2E8F6}.Release|Any CPU.Build.0 = Release|Any CPU
		{C203EB8A-3814-49B9-B39F-6D9F58B2E8F6}.Release|Any CPU.Deploy.0 = Release|Any CPU
		{C203EB8A-3814-49B9-B39F-6D9F58B2E8F6}.Release|arm64.ActiveCfg = Release|Any CPU
		{C203EB8A-3814-49B9-B39F-6D9F58B2E8F6}.Release|arm64.Build.0 = Release|Any CPU
		{C203EB8A-3814-49B9-B39F-6D9F58B2E8F6}.Release|arm64.Deploy.0 = Release|Any CPU
		{C203EB8A-3814-49B9-B39F-6D9F58B2E8F6}.Release|iPhone.ActiveCfg = Release|Any CPU
		{C203EB8A-3814-49B9-B39F-6D9F58B2E8F6}.Release|iPhone.Build.0 = Release|Any CPU
		{C203EB8A-3814-49B9-B39F-6D9F58B2E8F6}.Release|iPhone.Deploy.0 = Release|Any CPU
		{C203EB8A-3814-49B9-B39F-6D9F58B2E8F6}.Release|iPhoneSimulator.ActiveCfg = Release|Any CPU
		{C203EB8A-3814-49B9-B39F-6D9F58B2E8F6}.Release|iPhoneSimulator.Build.0 = Release|Any CPU
		{C203EB8A-3814-49B9-B39F-6D9F58B2E8F6}.Release|iPhoneSimulator.Deploy.0 = Release|Any CPU
		{C203EB8A-3814-49B9-B39F-6D9F58B2E8F6}.Release|x64.ActiveCfg = Release|Any CPU
		{C203EB8A-3814-49B9-B39F-6D9F58B2E8F6}.Release|x64.Build.0 = Release|Any CPU
		{C203EB8A-3814-49B9-B39F-6D9F58B2E8F6}.Release|x64.Deploy.0 = Release|Any CPU
		{C203EB8A-3814-49B9-B39F-6D9F58B2E8F6}.Release|x86.ActiveCfg = Release|Any CPU
		{C203EB8A-3814-49B9-B39F-6D9F58B2E8F6}.Release|x86.Build.0 = Release|Any CPU
		{C203EB8A-3814-49B9-B39F-6D9F58B2E8F6}.Release|x86.Deploy.0 = Release|Any CPU
		{FE74FC72-AAAF-4B7E-BA66-226C4206228B}.Debug|Any CPU.ActiveCfg = Debug|iPhoneSimulator
		{FE74FC72-AAAF-4B7E-BA66-226C4206228B}.Debug|Any CPU.Build.0 = Debug|iPhoneSimulator
		{FE74FC72-AAAF-4B7E-BA66-226C4206228B}.Debug|arm64.ActiveCfg = Debug|iPhoneSimulator
		{FE74FC72-AAAF-4B7E-BA66-226C4206228B}.Debug|arm64.Build.0 = Debug|iPhoneSimulator
		{FE74FC72-AAAF-4B7E-BA66-226C4206228B}.Debug|iPhone.ActiveCfg = Debug|iPhone
		{FE74FC72-AAAF-4B7E-BA66-226C4206228B}.Debug|iPhone.Build.0 = Debug|iPhone
		{FE74FC72-AAAF-4B7E-BA66-226C4206228B}.Debug|iPhoneSimulator.ActiveCfg = Debug|iPhoneSimulator
		{FE74FC72-AAAF-4B7E-BA66-226C4206228B}.Debug|iPhoneSimulator.Build.0 = Debug|iPhoneSimulator
		{FE74FC72-AAAF-4B7E-BA66-226C4206228B}.Debug|x64.ActiveCfg = Debug|iPhoneSimulator
		{FE74FC72-AAAF-4B7E-BA66-226C4206228B}.Debug|x64.Build.0 = Debug|iPhoneSimulator
		{FE74FC72-AAAF-4B7E-BA66-226C4206228B}.Debug|x86.ActiveCfg = Debug|iPhoneSimulator
		{FE74FC72-AAAF-4B7E-BA66-226C4206228B}.Debug|x86.Build.0 = Debug|iPhoneSimulator
		{FE74FC72-AAAF-4B7E-BA66-226C4206228B}.Release|Any CPU.ActiveCfg = Release|iPhoneSimulator
		{FE74FC72-AAAF-4B7E-BA66-226C4206228B}.Release|Any CPU.Build.0 = Release|iPhoneSimulator
		{FE74FC72-AAAF-4B7E-BA66-226C4206228B}.Release|arm64.ActiveCfg = Release|iPhoneSimulator
		{FE74FC72-AAAF-4B7E-BA66-226C4206228B}.Release|arm64.Build.0 = Release|iPhoneSimulator
		{FE74FC72-AAAF-4B7E-BA66-226C4206228B}.Release|iPhone.ActiveCfg = Release|iPhone
		{FE74FC72-AAAF-4B7E-BA66-226C4206228B}.Release|iPhone.Build.0 = Release|iPhone
		{FE74FC72-AAAF-4B7E-BA66-226C4206228B}.Release|iPhoneSimulator.ActiveCfg = Release|iPhoneSimulator
		{FE74FC72-AAAF-4B7E-BA66-226C4206228B}.Release|iPhoneSimulator.Build.0 = Release|iPhoneSimulator
		{FE74FC72-AAAF-4B7E-BA66-226C4206228B}.Release|x64.ActiveCfg = Release|iPhoneSimulator
		{FE74FC72-AAAF-4B7E-BA66-226C4206228B}.Release|x64.Build.0 = Release|iPhoneSimulator
		{FE74FC72-AAAF-4B7E-BA66-226C4206228B}.Release|x86.ActiveCfg = Release|iPhoneSimulator
		{FE74FC72-AAAF-4B7E-BA66-226C4206228B}.Release|x86.Build.0 = Release|iPhoneSimulator
		{26731A0F-DDE6-4EA3-8DFF-78683D06EA46}.Debug|Any CPU.ActiveCfg = Debug|Any CPU
		{26731A0F-DDE6-4EA3-8DFF-78683D06EA46}.Debug|Any CPU.Build.0 = Debug|Any CPU
		{26731A0F-DDE6-4EA3-8DFF-78683D06EA46}.Debug|arm64.ActiveCfg = Debug|Any CPU
		{26731A0F-DDE6-4EA3-8DFF-78683D06EA46}.Debug|arm64.Build.0 = Debug|Any CPU
		{26731A0F-DDE6-4EA3-8DFF-78683D06EA46}.Debug|iPhone.ActiveCfg = Debug|Any CPU
		{26731A0F-DDE6-4EA3-8DFF-78683D06EA46}.Debug|iPhone.Build.0 = Debug|Any CPU
		{26731A0F-DDE6-4EA3-8DFF-78683D06EA46}.Debug|iPhoneSimulator.ActiveCfg = Debug|Any CPU
		{26731A0F-DDE6-4EA3-8DFF-78683D06EA46}.Debug|iPhoneSimulator.Build.0 = Debug|Any CPU
		{26731A0F-DDE6-4EA3-8DFF-78683D06EA46}.Debug|x64.ActiveCfg = Debug|Any CPU
		{26731A0F-DDE6-4EA3-8DFF-78683D06EA46}.Debug|x64.Build.0 = Debug|Any CPU
		{26731A0F-DDE6-4EA3-8DFF-78683D06EA46}.Debug|x86.ActiveCfg = Debug|Any CPU
		{26731A0F-DDE6-4EA3-8DFF-78683D06EA46}.Debug|x86.Build.0 = Debug|Any CPU
		{26731A0F-DDE6-4EA3-8DFF-78683D06EA46}.Release|Any CPU.ActiveCfg = Release|Any CPU
		{26731A0F-DDE6-4EA3-8DFF-78683D06EA46}.Release|Any CPU.Build.0 = Release|Any CPU
		{26731A0F-DDE6-4EA3-8DFF-78683D06EA46}.Release|arm64.ActiveCfg = Release|Any CPU
		{26731A0F-DDE6-4EA3-8DFF-78683D06EA46}.Release|arm64.Build.0 = Release|Any CPU
		{26731A0F-DDE6-4EA3-8DFF-78683D06EA46}.Release|iPhone.ActiveCfg = Release|Any CPU
		{26731A0F-DDE6-4EA3-8DFF-78683D06EA46}.Release|iPhone.Build.0 = Release|Any CPU
		{26731A0F-DDE6-4EA3-8DFF-78683D06EA46}.Release|iPhoneSimulator.ActiveCfg = Release|Any CPU
		{26731A0F-DDE6-4EA3-8DFF-78683D06EA46}.Release|iPhoneSimulator.Build.0 = Release|Any CPU
		{26731A0F-DDE6-4EA3-8DFF-78683D06EA46}.Release|x64.ActiveCfg = Release|Any CPU
		{26731A0F-DDE6-4EA3-8DFF-78683D06EA46}.Release|x64.Build.0 = Release|Any CPU
		{26731A0F-DDE6-4EA3-8DFF-78683D06EA46}.Release|x86.ActiveCfg = Release|Any CPU
		{26731A0F-DDE6-4EA3-8DFF-78683D06EA46}.Release|x86.Build.0 = Release|Any CPU
		{66E8A81F-FDCB-442A-8BAA-E26A0A67B020}.Debug|Any CPU.ActiveCfg = Debug|Any CPU
		{66E8A81F-FDCB-442A-8BAA-E26A0A67B020}.Debug|Any CPU.Build.0 = Debug|Any CPU
		{66E8A81F-FDCB-442A-8BAA-E26A0A67B020}.Debug|arm64.ActiveCfg = Debug|Any CPU
		{66E8A81F-FDCB-442A-8BAA-E26A0A67B020}.Debug|arm64.Build.0 = Debug|Any CPU
		{66E8A81F-FDCB-442A-8BAA-E26A0A67B020}.Debug|iPhone.ActiveCfg = Debug|Any CPU
		{66E8A81F-FDCB-442A-8BAA-E26A0A67B020}.Debug|iPhone.Build.0 = Debug|Any CPU
		{66E8A81F-FDCB-442A-8BAA-E26A0A67B020}.Debug|iPhoneSimulator.ActiveCfg = Debug|Any CPU
		{66E8A81F-FDCB-442A-8BAA-E26A0A67B020}.Debug|iPhoneSimulator.Build.0 = Debug|Any CPU
		{66E8A81F-FDCB-442A-8BAA-E26A0A67B020}.Debug|x64.ActiveCfg = Debug|Any CPU
		{66E8A81F-FDCB-442A-8BAA-E26A0A67B020}.Debug|x64.Build.0 = Debug|Any CPU
		{66E8A81F-FDCB-442A-8BAA-E26A0A67B020}.Debug|x86.ActiveCfg = Debug|Any CPU
		{66E8A81F-FDCB-442A-8BAA-E26A0A67B020}.Debug|x86.Build.0 = Debug|Any CPU
		{66E8A81F-FDCB-442A-8BAA-E26A0A67B020}.Release|Any CPU.ActiveCfg = Release|Any CPU
		{66E8A81F-FDCB-442A-8BAA-E26A0A67B020}.Release|Any CPU.Build.0 = Release|Any CPU
		{66E8A81F-FDCB-442A-8BAA-E26A0A67B020}.Release|arm64.ActiveCfg = Release|Any CPU
		{66E8A81F-FDCB-442A-8BAA-E26A0A67B020}.Release|arm64.Build.0 = Release|Any CPU
		{66E8A81F-FDCB-442A-8BAA-E26A0A67B020}.Release|iPhone.ActiveCfg = Release|Any CPU
		{66E8A81F-FDCB-442A-8BAA-E26A0A67B020}.Release|iPhone.Build.0 = Release|Any CPU
		{66E8A81F-FDCB-442A-8BAA-E26A0A67B020}.Release|iPhoneSimulator.ActiveCfg = Release|Any CPU
		{66E8A81F-FDCB-442A-8BAA-E26A0A67B020}.Release|iPhoneSimulator.Build.0 = Release|Any CPU
		{66E8A81F-FDCB-442A-8BAA-E26A0A67B020}.Release|x64.ActiveCfg = Release|Any CPU
		{66E8A81F-FDCB-442A-8BAA-E26A0A67B020}.Release|x64.Build.0 = Release|Any CPU
		{66E8A81F-FDCB-442A-8BAA-E26A0A67B020}.Release|x86.ActiveCfg = Release|Any CPU
		{66E8A81F-FDCB-442A-8BAA-E26A0A67B020}.Release|x86.Build.0 = Release|Any CPU
		{F3946C2B-C822-41EF-B3B6-49A3E93C144E}.Debug|Any CPU.ActiveCfg = Debug|Any CPU
		{F3946C2B-C822-41EF-B3B6-49A3E93C144E}.Debug|Any CPU.Build.0 = Debug|Any CPU
		{F3946C2B-C822-41EF-B3B6-49A3E93C144E}.Debug|arm64.ActiveCfg = Debug|Any CPU
		{F3946C2B-C822-41EF-B3B6-49A3E93C144E}.Debug|arm64.Build.0 = Debug|Any CPU
		{F3946C2B-C822-41EF-B3B6-49A3E93C144E}.Debug|iPhone.ActiveCfg = Debug|Any CPU
		{F3946C2B-C822-41EF-B3B6-49A3E93C144E}.Debug|iPhone.Build.0 = Debug|Any CPU
		{F3946C2B-C822-41EF-B3B6-49A3E93C144E}.Debug|iPhoneSimulator.ActiveCfg = Debug|Any CPU
		{F3946C2B-C822-41EF-B3B6-49A3E93C144E}.Debug|iPhoneSimulator.Build.0 = Debug|Any CPU
		{F3946C2B-C822-41EF-B3B6-49A3E93C144E}.Debug|x64.ActiveCfg = Debug|Any CPU
		{F3946C2B-C822-41EF-B3B6-49A3E93C144E}.Debug|x64.Build.0 = Debug|Any CPU
		{F3946C2B-C822-41EF-B3B6-49A3E93C144E}.Debug|x86.ActiveCfg = Debug|Any CPU
		{F3946C2B-C822-41EF-B3B6-49A3E93C144E}.Debug|x86.Build.0 = Debug|Any CPU
		{F3946C2B-C822-41EF-B3B6-49A3E93C144E}.Release|Any CPU.ActiveCfg = Release|Any CPU
		{F3946C2B-C822-41EF-B3B6-49A3E93C144E}.Release|Any CPU.Build.0 = Release|Any CPU
		{F3946C2B-C822-41EF-B3B6-49A3E93C144E}.Release|arm64.ActiveCfg = Release|Any CPU
		{F3946C2B-C822-41EF-B3B6-49A3E93C144E}.Release|arm64.Build.0 = Release|Any CPU
		{F3946C2B-C822-41EF-B3B6-49A3E93C144E}.Release|iPhone.ActiveCfg = Release|Any CPU
		{F3946C2B-C822-41EF-B3B6-49A3E93C144E}.Release|iPhone.Build.0 = Release|Any CPU
		{F3946C2B-C822-41EF-B3B6-49A3E93C144E}.Release|iPhoneSimulator.ActiveCfg = Release|Any CPU
		{F3946C2B-C822-41EF-B3B6-49A3E93C144E}.Release|iPhoneSimulator.Build.0 = Release|Any CPU
		{F3946C2B-C822-41EF-B3B6-49A3E93C144E}.Release|x64.ActiveCfg = Release|Any CPU
		{F3946C2B-C822-41EF-B3B6-49A3E93C144E}.Release|x64.Build.0 = Release|Any CPU
		{F3946C2B-C822-41EF-B3B6-49A3E93C144E}.Release|x86.ActiveCfg = Release|Any CPU
		{F3946C2B-C822-41EF-B3B6-49A3E93C144E}.Release|x86.Build.0 = Release|Any CPU
		{4B9B603E-C036-4DB9-938B-A04D09192F2F}.Debug|Any CPU.ActiveCfg = Debug|Any CPU
		{4B9B603E-C036-4DB9-938B-A04D09192F2F}.Debug|Any CPU.Build.0 = Debug|Any CPU
		{4B9B603E-C036-4DB9-938B-A04D09192F2F}.Debug|arm64.ActiveCfg = Debug|Any CPU
		{4B9B603E-C036-4DB9-938B-A04D09192F2F}.Debug|arm64.Build.0 = Debug|Any CPU
		{4B9B603E-C036-4DB9-938B-A04D09192F2F}.Debug|iPhone.ActiveCfg = Debug|Any CPU
		{4B9B603E-C036-4DB9-938B-A04D09192F2F}.Debug|iPhone.Build.0 = Debug|Any CPU
		{4B9B603E-C036-4DB9-938B-A04D09192F2F}.Debug|iPhoneSimulator.ActiveCfg = Debug|Any CPU
		{4B9B603E-C036-4DB9-938B-A04D09192F2F}.Debug|iPhoneSimulator.Build.0 = Debug|Any CPU
		{4B9B603E-C036-4DB9-938B-A04D09192F2F}.Debug|x64.ActiveCfg = Debug|Any CPU
		{4B9B603E-C036-4DB9-938B-A04D09192F2F}.Debug|x64.Build.0 = Debug|Any CPU
		{4B9B603E-C036-4DB9-938B-A04D09192F2F}.Debug|x86.ActiveCfg = Debug|Any CPU
		{4B9B603E-C036-4DB9-938B-A04D09192F2F}.Debug|x86.Build.0 = Debug|Any CPU
		{4B9B603E-C036-4DB9-938B-A04D09192F2F}.Release|Any CPU.ActiveCfg = Release|Any CPU
		{4B9B603E-C036-4DB9-938B-A04D09192F2F}.Release|Any CPU.Build.0 = Release|Any CPU
		{4B9B603E-C036-4DB9-938B-A04D09192F2F}.Release|arm64.ActiveCfg = Release|Any CPU
		{4B9B603E-C036-4DB9-938B-A04D09192F2F}.Release|arm64.Build.0 = Release|Any CPU
		{4B9B603E-C036-4DB9-938B-A04D09192F2F}.Release|iPhone.ActiveCfg = Release|Any CPU
		{4B9B603E-C036-4DB9-938B-A04D09192F2F}.Release|iPhone.Build.0 = Release|Any CPU
		{4B9B603E-C036-4DB9-938B-A04D09192F2F}.Release|iPhoneSimulator.ActiveCfg = Release|Any CPU
		{4B9B603E-C036-4DB9-938B-A04D09192F2F}.Release|iPhoneSimulator.Build.0 = Release|Any CPU
		{4B9B603E-C036-4DB9-938B-A04D09192F2F}.Release|x64.ActiveCfg = Release|Any CPU
		{4B9B603E-C036-4DB9-938B-A04D09192F2F}.Release|x64.Build.0 = Release|Any CPU
		{4B9B603E-C036-4DB9-938B-A04D09192F2F}.Release|x86.ActiveCfg = Release|Any CPU
		{4B9B603E-C036-4DB9-938B-A04D09192F2F}.Release|x86.Build.0 = Release|Any CPU
		{CFF12822-D87A-4245-964D-9092D2D7C4A8}.Debug|Any CPU.ActiveCfg = Debug|Any CPU
		{CFF12822-D87A-4245-964D-9092D2D7C4A8}.Debug|Any CPU.Build.0 = Debug|Any CPU
		{CFF12822-D87A-4245-964D-9092D2D7C4A8}.Debug|arm64.ActiveCfg = Debug|Any CPU
		{CFF12822-D87A-4245-964D-9092D2D7C4A8}.Debug|arm64.Build.0 = Debug|Any CPU
		{CFF12822-D87A-4245-964D-9092D2D7C4A8}.Debug|iPhone.ActiveCfg = Debug|Any CPU
		{CFF12822-D87A-4245-964D-9092D2D7C4A8}.Debug|iPhone.Build.0 = Debug|Any CPU
		{CFF12822-D87A-4245-964D-9092D2D7C4A8}.Debug|iPhoneSimulator.ActiveCfg = Debug|Any CPU
		{CFF12822-D87A-4245-964D-9092D2D7C4A8}.Debug|iPhoneSimulator.Build.0 = Debug|Any CPU
		{CFF12822-D87A-4245-964D-9092D2D7C4A8}.Debug|x64.ActiveCfg = Debug|Any CPU
		{CFF12822-D87A-4245-964D-9092D2D7C4A8}.Debug|x64.Build.0 = Debug|Any CPU
		{CFF12822-D87A-4245-964D-9092D2D7C4A8}.Debug|x86.ActiveCfg = Debug|Any CPU
		{CFF12822-D87A-4245-964D-9092D2D7C4A8}.Debug|x86.Build.0 = Debug|Any CPU
		{CFF12822-D87A-4245-964D-9092D2D7C4A8}.Release|Any CPU.ActiveCfg = Release|Any CPU
		{CFF12822-D87A-4245-964D-9092D2D7C4A8}.Release|Any CPU.Build.0 = Release|Any CPU
		{CFF12822-D87A-4245-964D-9092D2D7C4A8}.Release|arm64.ActiveCfg = Release|Any CPU
		{CFF12822-D87A-4245-964D-9092D2D7C4A8}.Release|arm64.Build.0 = Release|Any CPU
		{CFF12822-D87A-4245-964D-9092D2D7C4A8}.Release|iPhone.ActiveCfg = Release|Any CPU
		{CFF12822-D87A-4245-964D-9092D2D7C4A8}.Release|iPhone.Build.0 = Release|Any CPU
		{CFF12822-D87A-4245-964D-9092D2D7C4A8}.Release|iPhoneSimulator.ActiveCfg = Release|Any CPU
		{CFF12822-D87A-4245-964D-9092D2D7C4A8}.Release|iPhoneSimulator.Build.0 = Release|Any CPU
		{CFF12822-D87A-4245-964D-9092D2D7C4A8}.Release|x64.ActiveCfg = Release|Any CPU
		{CFF12822-D87A-4245-964D-9092D2D7C4A8}.Release|x64.Build.0 = Release|Any CPU
		{CFF12822-D87A-4245-964D-9092D2D7C4A8}.Release|x86.ActiveCfg = Release|Any CPU
		{CFF12822-D87A-4245-964D-9092D2D7C4A8}.Release|x86.Build.0 = Release|Any CPU
	EndGlobalSection
	GlobalSection(SolutionProperties) = preSolution
		HideSolutionNode = FALSE
	EndGlobalSection
	GlobalSection(NestedProjects) = preSolution
		{FAF0BC6D-B636-4E80-A9DE-FDA181DDD545} = {A60315C1-DDDB-4D44-A2D5-F601FC1D90CA}
		{44BDA761-A9A2-4ED1-954C-53CB142D8D6A} = {A60315C1-DDDB-4D44-A2D5-F601FC1D90CA}
		{1E74DC82-5798-4730-910D-22373F6DD6B2} = {44BDA761-A9A2-4ED1-954C-53CB142D8D6A}
		{F4262297-B5E0-4EC6-AB62-E1FA09497FB9} = {44BDA761-A9A2-4ED1-954C-53CB142D8D6A}
		{F43BD9DD-3D74-419C-AFEF-172478DB7710} = {44BDA761-A9A2-4ED1-954C-53CB142D8D6A}
		{BE8E76C0-A0D3-48E4-9C42-515F57A9BDDA} = {44BDA761-A9A2-4ED1-954C-53CB142D8D6A}
		{C203EB8A-3814-49B9-B39F-6D9F58B2E8F6} = {BE8E76C0-A0D3-48E4-9C42-515F57A9BDDA}
		{FE74FC72-AAAF-4B7E-BA66-226C4206228B} = {BE8E76C0-A0D3-48E4-9C42-515F57A9BDDA}
		{26731A0F-DDE6-4EA3-8DFF-78683D06EA46} = {BE8E76C0-A0D3-48E4-9C42-515F57A9BDDA}
		{66E8A81F-FDCB-442A-8BAA-E26A0A67B020} = {32722C35-6D7E-45AD-B0C4-F42E2776E5A2}
		{A4EC66AF-AEBC-4796-8AF0-B99987F1918B} = {32722C35-6D7E-45AD-B0C4-F42E2776E5A2}
		{6837DBBE-476B-47C8-A556-B3F5B946B7E5} = {A60315C1-DDDB-4D44-A2D5-F601FC1D90CA}
		{F3946C2B-C822-41EF-B3B6-49A3E93C144E} = {6837DBBE-476B-47C8-A556-B3F5B946B7E5}
		{F7E20CBA-FE04-476D-97AB-2B7A916E9D18} = {A60315C1-DDDB-4D44-A2D5-F601FC1D90CA}
		{4B9B603E-C036-4DB9-938B-A04D09192F2F} = {F7E20CBA-FE04-476D-97AB-2B7A916E9D18}
		{0D9D7FA8-8870-442B-8EA8-FBE0F60AF8E2} = {A60315C1-DDDB-4D44-A2D5-F601FC1D90CA}
		{CFF12822-D87A-4245-964D-9092D2D7C4A8} = {0D9D7FA8-8870-442B-8EA8-FBE0F60AF8E2}
	EndGlobalSection
	GlobalSection(ExtensibilityGlobals) = postSolution
		SolutionGuid = {0AE88F11-B13F-4D1F-BAD8-7624D9866351}
	EndGlobalSection
	GlobalSection(SharedMSBuildProjectFiles) = preSolution
		FastShare.UI.Shared\FastShare.UI.Shared.projitems*{1e74dc82-5798-4730-910d-22373f6dd6b2}*SharedItemsImports = 13
		FastShare.UI.Shared\FastShare.UI.Shared.projitems*{26731a0f-dde6-4ea3-8dff-78683d06ea46}*SharedItemsImports = 5
		FastShare.UI.Shared\FastShare.UI.Shared.projitems*{f4262297-b5e0-4ec6-ab62-e1fa09497fb9}*SharedItemsImports = 5
		FastShare.UI.Shared\FastShare.UI.Shared.projitems*{f43bd9dd-3d74-419c-afef-172478db7710}*SharedItemsImports = 5
	EndGlobalSection
EndGlobal
